// !$*UTF8*$!
{
	archiveVersion = 1;
	classes = {
	};
	objectVersion = 50;
	objects = {

/* Begin PBXBuildFile section */
		BE37176025A5EE47003C2AA0 /* libLutra.a in Frameworks */ = {isa = PBXBuildFile; fileRef = BE37175F25A5EE47003C2AA0 /* libLutra.a */; };
		BE37181425A6F3A7003C2AA0 /* libDependents.a in Frameworks */ = {isa = PBXBuildFile; fileRef = BE37181325A6F3A7003C2AA0 /* libDependents.a */; };
		BEFA49C625A2FA5500587F63 /* main.cpp in Sources */ = {isa = PBXBuildFile; fileRef = BEFA49C525A2FA5500587F63 /* main.cpp */; };
/* End PBXBuildFile section */

/* Begin PBXCopyFilesBuildPhase section */
		BEFA49C025A2FA5500587F63 /* CopyFiles */ = {
			isa = PBXCopyFilesBuildPhase;
			buildActionMask = 2147483647;
			dstPath = /usr/share/man/man1/;
			dstSubfolderSpec = 0;
			files = (
			);
			runOnlyForDeploymentPostprocessing = 1;
		};
/* End PBXCopyFilesBuildPhase section */

/* Begin PBXFileReference section */
		BE37175A25A5ACB1003C2AA0 /* OpenGL.framework */ = {isa = PBXFileReference; lastKnownFileType = wrapper.framework; name = OpenGL.framework; path = System/Library/Frameworks/OpenGL.framework; sourceTree = SDKROOT; };
		BE37175F25A5EE47003C2AA0 /* libLutra.a */ = {isa = PBXFileReference; explicitFileType = archive.ar; path = libLutra.a; sourceTree = BUILT_PRODUCTS_DIR; };
		BE37181325A6F3A7003C2AA0 /* libDependents.a */ = {isa = PBXFileReference; explicitFileType = archive.ar; path = libDependents.a; sourceTree = BUILT_PRODUCTS_DIR; };
		BEFA49C225A2FA5500587F63 /* Examples */ = {isa = PBXFileReference; explicitFileType = "compiled.mach-o.executable"; includeInIndex = 0; path = Examples; sourceTree = BUILT_PRODUCTS_DIR; };
		BEFA49C525A2FA5500587F63 /* main.cpp */ = {isa = PBXFileReference; lastKnownFileType = sourcecode.cpp.cpp; path = main.cpp; sourceTree = "<group>"; };
/* End PBXFileReference section */

/* Begin PBXFrameworksBuildPhase section */
		BEFA49BF25A2FA5500587F63 /* Frameworks */ = {
			isa = PBXFrameworksBuildPhase;
			buildActionMask = 2147483647;
			files = (
				BE37181425A6F3A7003C2AA0 /* libDependents.a in Frameworks */,
				BE37176025A5EE47003C2AA0 /* libLutra.a in Frameworks */,
			);
			runOnlyForDeploymentPostprocessing = 0;
		};
/* End PBXFrameworksBuildPhase section */

/* Begin PBXGroup section */
		BEFA49B925A2FA5500587F63 = {
			isa = PBXGroup;
			children = (
				BEFA49C425A2FA5500587F63 /* Examples */,
				BEFA49C325A2FA5500587F63 /* Products */,
				BEFA49CE25A2FA9F00587F63 /* Frameworks */,
			);
			sourceTree = "<group>";
		};
		BEFA49C325A2FA5500587F63 /* Products */ = {
			isa = PBXGroup;
			children = (
				BEFA49C225A2FA5500587F63 /* Examples */,
			);
			name = Products;
			sourceTree = "<group>";
		};
		BEFA49C425A2FA5500587F63 /* Examples */ = {
			isa = PBXGroup;
			children = (
				BEFA49C525A2FA5500587F63 /* main.cpp */,
			);
			path = Examples;
			sourceTree = "<group>";
		};
		BEFA49CE25A2FA9F00587F63 /* Frameworks */ = {
			isa = PBXGroup;
			children = (
				BE37181325A6F3A7003C2AA0 /* libDependents.a */,
				BE37175F25A5EE47003C2AA0 /* libLutra.a */,
				BE37175A25A5ACB1003C2AA0 /* OpenGL.framework */,
			);
			name = Frameworks;
			sourceTree = "<group>";
		};
/* End PBXGroup section */

/* Begin PBXNativeTarget section */
		BEFA49C125A2FA5500587F63 /* Examples */ = {
			isa = PBXNativeTarget;
			buildConfigurationList = BEFA49C925A2FA5500587F63 /* Build configuration list for PBXNativeTarget "Examples" */;
			buildPhases = (
				BEFA49BE25A2FA5500587F63 /* Sources */,
				BEFA49BF25A2FA5500587F63 /* Frameworks */,
				BEFA49C025A2FA5500587F63 /* CopyFiles */,
			);
			buildRules = (
			);
			dependencies = (
			);
			name = Examples;
			productName = Examples;
			productReference = BEFA49C225A2FA5500587F63 /* Examples */;
			productType = "com.apple.product-type.tool";
		};
/* End PBXNativeTarget section */

/* Begin PBXProject section */
		BEFA49BA25A2FA5500587F63 /* Project object */ = {
			isa = PBXProject;
			attributes = {
				LastUpgradeCheck = 1210;
				TargetAttributes = {
					BEFA49C125A2FA5500587F63 = {
						CreatedOnToolsVersion = 12.1;
					};
				};
			};
			buildConfigurationList = BEFA49BD25A2FA5500587F63 /* Build configuration list for PBXProject "Examples" */;
			compatibilityVersion = "Xcode 9.3";
			developmentRegion = en;
			hasScannedForEncodings = 0;
			knownRegions = (
				en,
				Base,
			);
			mainGroup = BEFA49B925A2FA5500587F63;
			productRefGroup = BEFA49C325A2FA5500587F63 /* Products */;
			projectDirPath = "";
			projectRoot = "";
			targets = (
				BEFA49C125A2FA5500587F63 /* Examples */,
			);
		};
/* End PBXProject section */

/* Begin PBXSourcesBuildPhase section */
		BEFA49BE25A2FA5500587F63 /* Sources */ = {
			isa = PBXSourcesBuildPhase;
			buildActionMask = 2147483647;
			files = (
				BEFA49C625A2FA5500587F63 /* main.cpp in Sources */,
			);
			runOnlyForDeploymentPostprocessing = 0;
		};
/* End PBXSourcesBuildPhase section */

/* Begin XCBuildConfiguration section */
		BEFA49C725A2FA5500587F63 /* Debug */ = {
			isa = XCBuildConfiguration;
			buildSettings = {
				ALWAYS_SEARCH_USER_PATHS = NO;
				CLANG_ANALYZER_NONNULL = YES;
				CLANG_ANALYZER_NUMBER_OBJECT_CONVERSION = YES_AGGRESSIVE;
				CLANG_CXX_LANGUAGE_STANDARD = "gnu++14";
				CLANG_CXX_LIBRARY = "libc++";
				CLANG_ENABLE_MODULES = YES;
				CLANG_ENABLE_OBJC_ARC = YES;
				CLANG_ENABLE_OBJC_WEAK = YES;
				CLANG_WARN_BLOCK_CAPTURE_AUTORELEASING = YES;
				CLANG_WARN_BOOL_CONVERSION = YES;
				CLANG_WARN_COMMA = YES;
				CLANG_WARN_CONSTANT_CONVERSION = YES;
				CLANG_WARN_DEPRECATED_OBJC_IMPLEMENTATIONS = YES;
				CLANG_WARN_DIRECT_OBJC_ISA_USAGE = YES_ERROR;
				CLANG_WARN_DOCUMENTATION_COMMENTS = YES;
				CLANG_WARN_EMPTY_BODY = YES;
				CLANG_WARN_ENUM_CONVERSION = YES;
				CLANG_WARN_INFINITE_RECURSION = YES;
				CLANG_WARN_INT_CONVERSION = YES;
				CLANG_WARN_NON_LITERAL_NULL_CONVERSION = YES;
				CLANG_WARN_OBJC_IMPLICIT_RETAIN_SELF = YES;
				CLANG_WARN_OBJC_LITERAL_CONVERSION = YES;
				CLANG_WARN_OBJC_ROOT_CLASS = YES_ERROR;
				CLANG_WARN_QUOTED_INCLUDE_IN_FRAMEWORK_HEADER = YES;
				CLANG_WARN_RANGE_LOOP_ANALYSIS = YES;
				CLANG_WARN_STRICT_PROTOTYPES = YES;
				CLANG_WARN_SUSPICIOUS_MOVE = YES;
				CLANG_WARN_UNGUARDED_AVAILABILITY = YES_AGGRESSIVE;
				CLANG_WARN_UNREACHABLE_CODE = YES;
				CLANG_WARN__DUPLICATE_METHOD_MATCH = YES;
				COPY_PHASE_STRIP = NO;
				DEBUG_INFORMATION_FORMAT = dwarf;
				ENABLE_STRICT_OBJC_MSGSEND = YES;
				ENABLE_TESTABILITY = YES;
				GCC_C_LANGUAGE_STANDARD = gnu11;
				GCC_DYNAMIC_NO_PIC = NO;
				GCC_NO_COMMON_BLOCKS = YES;
				GCC_OPTIMIZATION_LEVEL = 0;
				GCC_PREPROCESSOR_DEFINITIONS = (
					"DEBUG=1",
					"$(inherited)",
				);
				GCC_WARN_64_TO_32_BIT_CONVERSION = YES;
				GCC_WARN_ABOUT_RETURN_TYPE = YES_ERROR;
				GCC_WARN_UNDECLARED_SELECTOR = YES;
				GCC_WARN_UNINITIALIZED_AUTOS = YES_AGGRESSIVE;
				GCC_WARN_UNUSED_FUNCTION = YES;
				GCC_WARN_UNUSED_VARIABLE = YES;
				MACOSX_DEPLOYMENT_TARGET = 10.15;
				MTL_ENABLE_DEBUG_INFO = INCLUDE_SOURCE;
				MTL_FAST_MATH = YES;
				ONLY_ACTIVE_ARCH = YES;
				SDKROOT = macosx;
			};
			name = Debug;
		};
		BEFA49C825A2FA5500587F63 /* Release */ = {
			isa = XCBuildConfiguration;
			buildSettings = {
				ALWAYS_SEARCH_USER_PATHS = NO;
				CLANG_ANALYZER_NONNULL = YES;
				CLANG_ANALYZER_NUMBER_OBJECT_CONVERSION = YES_AGGRESSIVE;
				CLANG_CXX_LANGUAGE_STANDARD = "gnu++14";
				CLANG_CXX_LIBRARY = "libc++";
				CLANG_ENABLE_MODULES = YES;
				CLANG_ENABLE_OBJC_ARC = YES;
				CLANG_ENABLE_OBJC_WEAK = YES;
				CLANG_WARN_BLOCK_CAPTURE_AUTORELEASING = YES;
				CLANG_WARN_BOOL_CONVERSION = YES;
				CLANG_WARN_COMMA = YES;
				CLANG_WARN_CONSTANT_CONVERSION = YES;
				CLANG_WARN_DEPRECATED_OBJC_IMPLEMENTATIONS = YES;
				CLANG_WARN_DIRECT_OBJC_ISA_USAGE = YES_ERROR;
				CLANG_WARN_DOCUMENTATION_COMMENTS = YES;
				CLANG_WARN_EMPTY_BODY = YES;
				CLANG_WARN_ENUM_CONVERSION = YES;
				CLANG_WARN_INFINITE_RECURSION = YES;
				CLANG_WARN_INT_CONVERSION = YES;
				CLANG_WARN_NON_LITERAL_NULL_CONVERSION = YES;
				CLANG_WARN_OBJC_IMPLICIT_RETAIN_SELF = YES;
				CLANG_WARN_OBJC_LITERAL_CONVERSION = YES;
				CLANG_WARN_OBJC_ROOT_CLASS = YES_ERROR;
				CLANG_WARN_QUOTED_INCLUDE_IN_FRAMEWORK_HEADER = YES;
				CLANG_WARN_RANGE_LOOP_ANALYSIS = YES;
				CLANG_WARN_STRICT_PROTOTYPES = YES;
				CLANG_WARN_SUSPICIOUS_MOVE = YES;
				CLANG_WARN_UNGUARDED_AVAILABILITY = YES_AGGRESSIVE;
				CLANG_WARN_UNREACHABLE_CODE = YES;
				CLANG_WARN__DUPLICATE_METHOD_MATCH = YES;
				COPY_PHASE_STRIP = NO;
				DEBUG_INFORMATION_FORMAT = "dwarf-with-dsym";
				ENABLE_NS_ASSERTIONS = NO;
				ENABLE_STRICT_OBJC_MSGSEND = YES;
				GCC_C_LANGUAGE_STANDARD = gnu11;
				GCC_NO_COMMON_BLOCKS = YES;
				GCC_WARN_64_TO_32_BIT_CONVERSION = YES;
				GCC_WARN_ABOUT_RETURN_TYPE = YES_ERROR;
				GCC_WARN_UNDECLARED_SELECTOR = YES;
				GCC_WARN_UNINITIALIZED_AUTOS = YES_AGGRESSIVE;
				GCC_WARN_UNUSED_FUNCTION = YES;
				GCC_WARN_UNUSED_VARIABLE = YES;
				MACOSX_DEPLOYMENT_TARGET = 10.15;
				MTL_ENABLE_DEBUG_INFO = NO;
				MTL_FAST_MATH = YES;
				SDKROOT = macosx;
			};
			name = Release;
		};
		BEFA49CA25A2FA5500587F63 /* Debug */ = {
			isa = XCBuildConfiguration;
			buildSettings = {
				CLANG_CXX_LANGUAGE_STANDARD = "gnu++17";
				CLANG_WARN_DOCUMENTATION_COMMENTS = NO;
				CODE_SIGN_STYLE = Automatic;
				HEADER_SEARCH_PATHS = (
					/Volumes/Samsung_T5/Dev/Lutra/3rdparty/entt,
					/Volumes/Samsung_T5/Dev/Lutra/3rdparty/glfw/include,
					/Volumes/Samsung_T5/Dev/Lutra/3rdparty/glm,
					/Volumes/Samsung_T5/Dev/Lutra/3rdparty/imgui,
					/Volumes/Samsung_T5/Dev/Lutra/3rdparty/stb_image,
					/Volumes/Samsung_T5/Dev/Lutra/3rdparty/glad/include,
					../runtime/Lutra,
				);
				OTHER_LDFLAGS = (
					/Volumes/Samsung_T5/Dev/Lutra/3rdparty/glfw/lib/osx/Debug/libglfw3.a,
					"-framework",
					Cocoa,
					"-framework",
					IOKit,
					"-framework",
					CoreFoundation,
				);
				PRODUCT_NAME = "$(TARGET_NAME)";
			};
			name = Debug;
		};
		BEFA49CB25A2FA5500587F63 /* Release */ = {
			isa = XCBuildConfiguration;
			buildSettings = {
				CLANG_CXX_LANGUAGE_STANDARD = "gnu++17";
				CLANG_WARN_DOCUMENTATION_COMMENTS = NO;
				CODE_SIGN_STYLE = Automatic;
				HEADER_SEARCH_PATHS = (
					/Volumes/Samsung_T5/Dev/Lutra/3rdparty/entt,
					/Volumes/Samsung_T5/Dev/Lutra/3rdparty/glfw/include,
					/Volumes/Samsung_T5/Dev/Lutra/3rdparty/glm,
					/Volumes/Samsung_T5/Dev/Lutra/3rdparty/imgui,
					/Volumes/Samsung_T5/Dev/Lutra/3rdparty/stb_image,
					/Volumes/Samsung_T5/Dev/Lutra/3rdparty/glad/include,
					../runtime/Lutra,
				);
				OTHER_LDFLAGS = (
					/Volumes/Samsung_T5/Dev/Lutra/3rdparty/glfw/lib/osx/Debug/libglfw3.a,
					"-framework",
					Cocoa,
					"-framework",
					IOKit,
					"-framework",
					CoreFoundation,
				);
				PRODUCT_NAME = "$(TARGET_NAME)";
			};
			name = Release;
		};
/* End XCBuildConfiguration section */

/* Begin XCConfigurationList section */
		BEFA49BD25A2FA5500587F63 /* Build configuration list for PBXProject "Examples" */ = {
			isa = XCConfigurationList;
			buildConfigurations = (
				BEFA49C725A2FA5500587F63 /* Debug */,
				BEFA49C825A2FA5500587F63 /* Release */,
			);
			defaultConfigurationIsVisible = 0;
			defaultConfigurationName = Release;
		};
		BEFA49C925A2FA5500587F63 /* Build configuration list for PBXNativeTarget "Examples" */ = {
			isa = XCConfigurationList;
			buildConfigurations = (
				BEFA49CA25A2FA5500587F63 /* Debug */,
				BEFA49CB25A2FA5500587F63 /* Release */,
			);
			defaultConfigurationIsVisible = 0;
			defaultConfigurationName = Release;
		};
/* End XCConfigurationList section */
	};
	rootObject = BEFA49BA25A2FA5500587F63 /* Project object */;
}
